// !$*UTF8*$!
{
	archiveVersion = 1;
	classes = {
	};
	objectVersion = 50;
	objects = {

/* Begin PBXBuildFile section */
		2F7A38AC503AA9CCE8570C4E /* Pods_GoJekContactUITests.framework in Frameworks */ = {isa = PBXBuildFile; fileRef = 2CF7C85E5E63F0FAEFE21B57 /* Pods_GoJekContactUITests.framework */; };
		8C43FC14221F204300325E67 /* AppDelegate.swift in Sources */ = {isa = PBXBuildFile; fileRef = 8C43FC13221F204300325E67 /* AppDelegate.swift */; };
		8C43FC19221F204300325E67 /* Contact.storyboard in Resources */ = {isa = PBXBuildFile; fileRef = 8C43FC17221F204300325E67 /* Contact.storyboard */; };
		8C43FC1E221F204500325E67 /* Assets.xcassets in Resources */ = {isa = PBXBuildFile; fileRef = 8C43FC1D221F204500325E67 /* Assets.xcassets */; };
		8C43FC21221F204500325E67 /* LaunchScreen.storyboard in Resources */ = {isa = PBXBuildFile; fileRef = 8C43FC1F221F204500325E67 /* LaunchScreen.storyboard */; };
		8C43FC37221F204600325E67 /* GoJekContactUITests.swift in Sources */ = {isa = PBXBuildFile; fileRef = 8C43FC36221F204600325E67 /* GoJekContactUITests.swift */; };
		8C43FC57221FDB7E00325E67 /* .swiftlint.yml in Resources */ = {isa = PBXBuildFile; fileRef = 8C43FC56221FDB7E00325E67 /* .swiftlint.yml */; };
		8C43FC5B221FDD0D00325E67 /* UITableViewExtention.swift in Sources */ = {isa = PBXBuildFile; fileRef = 8C43FC5A221FDD0D00325E67 /* UITableViewExtention.swift */; };
		8C43FC5C221FDD2000325E67 /* UITableViewExtention.swift in Sources */ = {isa = PBXBuildFile; fileRef = 8C43FC5A221FDD0D00325E67 /* UITableViewExtention.swift */; };
		8C43FC5D221FDD2100325E67 /* UITableViewExtention.swift in Sources */ = {isa = PBXBuildFile; fileRef = 8C43FC5A221FDD0D00325E67 /* UITableViewExtention.swift */; };
		8C43FC5F221FDD6100325E67 /* Utility.swift in Sources */ = {isa = PBXBuildFile; fileRef = 8C43FC5E221FDD6100325E67 /* Utility.swift */; };
		8C43FC62221FE05A00325E67 /* ContactsListViewModel.swift in Sources */ = {isa = PBXBuildFile; fileRef = 8C43FC61221FE05A00325E67 /* ContactsListViewModel.swift */; };
		8C43FC67221FFEA000325E67 /* ContactsListViewController.swift in Sources */ = {isa = PBXBuildFile; fileRef = 8C43FC66221FFEA000325E67 /* ContactsListViewController.swift */; };
		8C43FC6A22201D9600325E67 /* Constants.swift in Sources */ = {isa = PBXBuildFile; fileRef = 8C43FC6922201D9600325E67 /* Constants.swift */; };
		8C43FC6C222025FE00325E67 /* UIAlertControllerExtention.swift in Sources */ = {isa = PBXBuildFile; fileRef = 8C43FC6B222025FE00325E67 /* UIAlertControllerExtention.swift */; };
		8C43FC6E2220568800325E67 /* ErrorTracker.swift in Sources */ = {isa = PBXBuildFile; fileRef = 8C43FC6D2220568800325E67 /* ErrorTracker.swift */; };
		8C43FC70222056B700325E67 /* ActivityIndicator.swift in Sources */ = {isa = PBXBuildFile; fileRef = 8C43FC6F222056B700325E67 /* ActivityIndicator.swift */; };
		8C43FC722220673A00325E67 /* ObservableExtention.swift in Sources */ = {isa = PBXBuildFile; fileRef = 8C43FC712220673A00325E67 /* ObservableExtention.swift */; };
		8C43FC742220779F00325E67 /* ContactUseCase.swift in Sources */ = {isa = PBXBuildFile; fileRef = 8C43FC732220779F00325E67 /* ContactUseCase.swift */; };
		8C43FC7622207AE900325E67 /* Contact.swift in Sources */ = {isa = PBXBuildFile; fileRef = 8C43FC7522207AE900325E67 /* Contact.swift */; };
		8C43FC7822207D3F00325E67 /* ViewModelType.swift in Sources */ = {isa = PBXBuildFile; fileRef = 8C43FC7722207D3F00325E67 /* ViewModelType.swift */; };
		8C43FC7A22207FBB00325E67 /* ContactsNavigator.swift in Sources */ = {isa = PBXBuildFile; fileRef = 8C43FC7922207FBB00325E67 /* ContactsNavigator.swift */; };
		8C43FC7C22208C1800325E67 /* UIStoryboardExtention.swift in Sources */ = {isa = PBXBuildFile; fileRef = 8C43FC7B22208C1800325E67 /* UIStoryboardExtention.swift */; };
		8C43FC7E22208FB300325E67 /* Application.swift in Sources */ = {isa = PBXBuildFile; fileRef = 8C43FC7D22208FB300325E67 /* Application.swift */; };
		8C43FC812220981800325E67 /* NetworkUseCaseProvider.swift in Sources */ = {isa = PBXBuildFile; fileRef = 8C43FC802220981800325E67 /* NetworkUseCaseProvider.swift */; };
		8C43FC832220997800325E67 /* Network.swift in Sources */ = {isa = PBXBuildFile; fileRef = 8C43FC822220997800325E67 /* Network.swift */; };
		8C43FC8522209BF100325E67 /* ContactsNetwork.swift in Sources */ = {isa = PBXBuildFile; fileRef = 8C43FC8422209BF100325E67 /* ContactsNetwork.swift */; };
		8C43FC8722209E3600325E67 /* Encodable.swift in Sources */ = {isa = PBXBuildFile; fileRef = 8C43FC8622209E3600325E67 /* Encodable.swift */; };
		8C43FC8922209E7500325E67 /* ContactMapping.swift in Sources */ = {isa = PBXBuildFile; fileRef = 8C43FC8822209E7500325E67 /* ContactMapping.swift */; };
		8C43FC8B2220A7C300325E67 /* NetworkContactsUseCase.swift in Sources */ = {isa = PBXBuildFile; fileRef = 8C43FC8A2220A7C300325E67 /* NetworkContactsUseCase.swift */; };
		8C43FC8D2220A84000325E67 /* Cache.swift in Sources */ = {isa = PBXBuildFile; fileRef = 8C43FC8C2220A84000325E67 /* Cache.swift */; };
		8C43FC8F2221DF0D00325E67 /* ContactDetailsViewController.swift in Sources */ = {isa = PBXBuildFile; fileRef = 8C43FC8E2221DF0D00325E67 /* ContactDetailsViewController.swift */; };
		8C43FC912221E15300325E67 /* ContactDetailViewModel.swift in Sources */ = {isa = PBXBuildFile; fileRef = 8C43FC902221E15300325E67 /* ContactDetailViewModel.swift */; };
		8C43FCB62222864400325E67 /* GradianView.swift in Sources */ = {isa = PBXBuildFile; fileRef = 8C43FCB52222864400325E67 /* GradianView.swift */; };
		8C43FCB82222DF8800325E67 /* StringExtention.swift in Sources */ = {isa = PBXBuildFile; fileRef = 8C43FCB72222DF8800325E67 /* StringExtention.swift */; };
		8C43FCBB2223BEB900325E67 /* CreateContactViewController.swift in Sources */ = {isa = PBXBuildFile; fileRef = 8C43FCBA2223BEB900325E67 /* CreateContactViewController.swift */; };
		8C43FCBD2223C02F00325E67 /* CreateContactViewModel.swift in Sources */ = {isa = PBXBuildFile; fileRef = 8C43FCBC2223C02F00325E67 /* CreateContactViewModel.swift */; };
		8C4B588C222663E2004077C0 /* AllContactsUseCaseMock.swift in Sources */ = {isa = PBXBuildFile; fileRef = 8C4B588B222663E2004077C0 /* AllContactsUseCaseMock.swift */; };
		8C4B588E222665A3004077C0 /* ContactsNavigatorMock.swift in Sources */ = {isa = PBXBuildFile; fileRef = 8C4B588D222665A3004077C0 /* ContactsNavigatorMock.swift */; };
		8C4B5890222666A8004077C0 /* ContactsListViewModelTests.swift in Sources */ = {isa = PBXBuildFile; fileRef = 8C4B588F222666A8004077C0 /* ContactsListViewModelTests.swift */; };
		8C4B589222269ABB004077C0 /* ContactDetailViewModelTests.swift in Sources */ = {isa = PBXBuildFile; fileRef = 8C4B589122269ABB004077C0 /* ContactDetailViewModelTests.swift */; };
		F0DAF82E247B99CB771F1B4A /* Pods_GoJekContactTests.framework in Frameworks */ = {isa = PBXBuildFile; fileRef = C56953ED68E5531E8523CFF7 /* Pods_GoJekContactTests.framework */; };
		F46CD107AEE1CF4733174CEA /* Pods_GoJekContact.framework in Frameworks */ = {isa = PBXBuildFile; fileRef = C904AB24C8D0B73CE853B981 /* Pods_GoJekContact.framework */; };
/* End PBXBuildFile section */

/* Begin PBXContainerItemProxy section */
		8C43FC28221F204600325E67 /* PBXContainerItemProxy */ = {
			isa = PBXContainerItemProxy;
			containerPortal = 8C43FC08221F204200325E67 /* Project object */;
			proxyType = 1;
			remoteGlobalIDString = 8C43FC0F221F204300325E67;
			remoteInfo = GoJekContact;
		};
		8C43FC33221F204600325E67 /* PBXContainerItemProxy */ = {
			isa = PBXContainerItemProxy;
			containerPortal = 8C43FC08221F204200325E67 /* Project object */;
			proxyType = 1;
			remoteGlobalIDString = 8C43FC0F221F204300325E67;
			remoteInfo = GoJekContact;
		};
/* End PBXContainerItemProxy section */

/* Begin PBXFileReference section */
		041476E2586BE8ED23DB0389 /* Pods-GoJekContactUITests.release.xcconfig */ = {isa = PBXFileReference; includeInIndex = 1; lastKnownFileType = text.xcconfig; name = "Pods-GoJekContactUITests.release.xcconfig"; path = "Pods/Target Support Files/Pods-GoJekContactUITests/Pods-GoJekContactUITests.release.xcconfig"; sourceTree = "<group>"; };
		2CF7C85E5E63F0FAEFE21B57 /* Pods_GoJekContactUITests.framework */ = {isa = PBXFileReference; explicitFileType = wrapper.framework; includeInIndex = 0; path = Pods_GoJekContactUITests.framework; sourceTree = BUILT_PRODUCTS_DIR; };
		3010557C5D55AD09D6C972C6 /* Pods-GoJekContact.debug.xcconfig */ = {isa = PBXFileReference; includeInIndex = 1; lastKnownFileType = text.xcconfig; name = "Pods-GoJekContact.debug.xcconfig"; path = "Pods/Target Support Files/Pods-GoJekContact/Pods-GoJekContact.debug.xcconfig"; sourceTree = "<group>"; };
		5DAB0F92CED346DB64309C6B /* Pods-GoJekContactTests.release.xcconfig */ = {isa = PBXFileReference; includeInIndex = 1; lastKnownFileType = text.xcconfig; name = "Pods-GoJekContactTests.release.xcconfig"; path = "Pods/Target Support Files/Pods-GoJekContactTests/Pods-GoJekContactTests.release.xcconfig"; sourceTree = "<group>"; };
		73D29B6E25FA1B8BABD3B23C /* Pods-GoJekContactUITests.debug.xcconfig */ = {isa = PBXFileReference; includeInIndex = 1; lastKnownFileType = text.xcconfig; name = "Pods-GoJekContactUITests.debug.xcconfig"; path = "Pods/Target Support Files/Pods-GoJekContactUITests/Pods-GoJekContactUITests.debug.xcconfig"; sourceTree = "<group>"; };
		8C43FC10221F204300325E67 /* GoJekContact.app */ = {isa = PBXFileReference; explicitFileType = wrapper.application; includeInIndex = 0; path = GoJekContact.app; sourceTree = BUILT_PRODUCTS_DIR; };
		8C43FC13221F204300325E67 /* AppDelegate.swift */ = {isa = PBXFileReference; lastKnownFileType = sourcecode.swift; path = AppDelegate.swift; sourceTree = "<group>"; };
		8C43FC18221F204300325E67 /* Base */ = {isa = PBXFileReference; lastKnownFileType = file.storyboard; name = Base; path = Base.lproj/Contact.storyboard; sourceTree = "<group>"; };
		8C43FC1D221F204500325E67 /* Assets.xcassets */ = {isa = PBXFileReference; lastKnownFileType = folder.assetcatalog; path = Assets.xcassets; sourceTree = "<group>"; };
		8C43FC20221F204500325E67 /* Base */ = {isa = PBXFileReference; lastKnownFileType = file.storyboard; name = Base; path = Base.lproj/LaunchScreen.storyboard; sourceTree = "<group>"; };
		8C43FC22221F204500325E67 /* Info.plist */ = {isa = PBXFileReference; lastKnownFileType = text.plist.xml; path = Info.plist; sourceTree = "<group>"; };
		8C43FC27221F204600325E67 /* GoJekContactTests.xctest */ = {isa = PBXFileReference; explicitFileType = wrapper.cfbundle; includeInIndex = 0; path = GoJekContactTests.xctest; sourceTree = BUILT_PRODUCTS_DIR; };
		8C43FC2D221F204600325E67 /* Info.plist */ = {isa = PBXFileReference; lastKnownFileType = text.plist.xml; path = Info.plist; sourceTree = "<group>"; };
		8C43FC32221F204600325E67 /* GoJekContactUITests.xctest */ = {isa = PBXFileReference; explicitFileType = wrapper.cfbundle; includeInIndex = 0; path = GoJekContactUITests.xctest; sourceTree = BUILT_PRODUCTS_DIR; };
		8C43FC36221F204600325E67 /* GoJekContactUITests.swift */ = {isa = PBXFileReference; lastKnownFileType = sourcecode.swift; path = GoJekContactUITests.swift; sourceTree = "<group>"; };
		8C43FC38221F204600325E67 /* Info.plist */ = {isa = PBXFileReference; lastKnownFileType = text.plist.xml; path = Info.plist; sourceTree = "<group>"; };
		8C43FC4A221F2F4E00325E67 /* SFUIText-LightItalic.ttf */ = {isa = PBXFileReference; lastKnownFileType = file; path = "SFUIText-LightItalic.ttf"; sourceTree = "<group>"; };
		8C43FC4B221F2F4E00325E67 /* SFUIText-Semibold.ttf */ = {isa = PBXFileReference; lastKnownFileType = file; path = "SFUIText-Semibold.ttf"; sourceTree = "<group>"; };
		8C43FC4C221F2F4E00325E67 /* SFUIText-SemiboldItalic.ttf */ = {isa = PBXFileReference; lastKnownFileType = file; path = "SFUIText-SemiboldItalic.ttf"; sourceTree = "<group>"; };
		8C43FC4D221F2F4E00325E67 /* SFUIText-Light.ttf */ = {isa = PBXFileReference; lastKnownFileType = file; path = "SFUIText-Light.ttf"; sourceTree = "<group>"; };
		8C43FC4E221F2F4F00325E67 /* SFUIText-Medium.ttf */ = {isa = PBXFileReference; lastKnownFileType = file; path = "SFUIText-Medium.ttf"; sourceTree = "<group>"; };
		8C43FC4F221F2F4F00325E67 /* SFUIText-BoldItalic.ttf */ = {isa = PBXFileReference; lastKnownFileType = file; path = "SFUIText-BoldItalic.ttf"; sourceTree = "<group>"; };
		8C43FC50221F2F4F00325E67 /* SFUIText-Heavy.ttf */ = {isa = PBXFileReference; lastKnownFileType = file; path = "SFUIText-Heavy.ttf"; sourceTree = "<group>"; };
		8C43FC51221F2F4F00325E67 /* SFUIText-Bold.ttf */ = {isa = PBXFileReference; lastKnownFileType = file; path = "SFUIText-Bold.ttf"; sourceTree = "<group>"; };
		8C43FC52221F2F4F00325E67 /* SFUIText-MediumItalic.ttf */ = {isa = PBXFileReference; lastKnownFileType = file; path = "SFUIText-MediumItalic.ttf"; sourceTree = "<group>"; };
		8C43FC53221F2F4F00325E67 /* SFUIText-Regular.ttf */ = {isa = PBXFileReference; lastKnownFileType = file; path = "SFUIText-Regular.ttf"; sourceTree = "<group>"; };
		8C43FC54221F2F4F00325E67 /* SFUIText-HeavyItalic.ttf */ = {isa = PBXFileReference; lastKnownFileType = file; path = "SFUIText-HeavyItalic.ttf"; sourceTree = "<group>"; };
		8C43FC55221F2F5000325E67 /* SFUIText-RegularItalic.ttf */ = {isa = PBXFileReference; lastKnownFileType = file; path = "SFUIText-RegularItalic.ttf"; sourceTree = "<group>"; };
		8C43FC56221FDB7E00325E67 /* .swiftlint.yml */ = {isa = PBXFileReference; lastKnownFileType = text; path = .swiftlint.yml; sourceTree = "<group>"; };
		8C43FC5A221FDD0D00325E67 /* UITableViewExtention.swift */ = {isa = PBXFileReference; lastKnownFileType = sourcecode.swift; path = UITableViewExtention.swift; sourceTree = "<group>"; };
		8C43FC5E221FDD6100325E67 /* Utility.swift */ = {isa = PBXFileReference; lastKnownFileType = sourcecode.swift; path = Utility.swift; sourceTree = "<group>"; };
		8C43FC61221FE05A00325E67 /* ContactsListViewModel.swift */ = {isa = PBXFileReference; lastKnownFileType = sourcecode.swift; path = ContactsListViewModel.swift; sourceTree = "<group>"; };
		8C43FC66221FFEA000325E67 /* ContactsListViewController.swift */ = {isa = PBXFileReference; lastKnownFileType = sourcecode.swift; path = ContactsListViewController.swift; sourceTree = "<group>"; };
		8C43FC6922201D9600325E67 /* Constants.swift */ = {isa = PBXFileReference; lastKnownFileType = sourcecode.swift; path = Constants.swift; sourceTree = "<group>"; };
		8C43FC6B222025FE00325E67 /* UIAlertControllerExtention.swift */ = {isa = PBXFileReference; lastKnownFileType = sourcecode.swift; path = UIAlertControllerExtention.swift; sourceTree = "<group>"; };
		8C43FC6D2220568800325E67 /* ErrorTracker.swift */ = {isa = PBXFileReference; lastKnownFileType = sourcecode.swift; path = ErrorTracker.swift; sourceTree = "<group>"; };
		8C43FC6F222056B700325E67 /* ActivityIndicator.swift */ = {isa = PBXFileReference; lastKnownFileType = sourcecode.swift; path = ActivityIndicator.swift; sourceTree = "<group>"; };
		8C43FC712220673A00325E67 /* ObservableExtention.swift */ = {isa = PBXFileReference; lastKnownFileType = sourcecode.swift; path = ObservableExtention.swift; sourceTree = "<group>"; };
		8C43FC732220779F00325E67 /* ContactUseCase.swift */ = {isa = PBXFileReference; lastKnownFileType = sourcecode.swift; path = ContactUseCase.swift; sourceTree = "<group>"; };
		8C43FC7522207AE900325E67 /* Contact.swift */ = {isa = PBXFileReference; lastKnownFileType = sourcecode.swift; path = Contact.swift; sourceTree = "<group>"; };
		8C43FC7722207D3F00325E67 /* ViewModelType.swift */ = {isa = PBXFileReference; lastKnownFileType = sourcecode.swift; path = ViewModelType.swift; sourceTree = "<group>"; };
		8C43FC7922207FBB00325E67 /* ContactsNavigator.swift */ = {isa = PBXFileReference; lastKnownFileType = sourcecode.swift; path = ContactsNavigator.swift; sourceTree = "<group>"; };
		8C43FC7B22208C1800325E67 /* UIStoryboardExtention.swift */ = {isa = PBXFileReference; lastKnownFileType = sourcecode.swift; path = UIStoryboardExtention.swift; sourceTree = "<group>"; };
		8C43FC7D22208FB300325E67 /* Application.swift */ = {isa = PBXFileReference; lastKnownFileType = sourcecode.swift; path = Application.swift; sourceTree = "<group>"; };
		8C43FC802220981800325E67 /* NetworkUseCaseProvider.swift */ = {isa = PBXFileReference; lastKnownFileType = sourcecode.swift; path = NetworkUseCaseProvider.swift; sourceTree = "<group>"; };
		8C43FC822220997800325E67 /* Network.swift */ = {isa = PBXFileReference; lastKnownFileType = sourcecode.swift; path = Network.swift; sourceTree = "<group>"; };
		8C43FC8422209BF100325E67 /* ContactsNetwork.swift */ = {isa = PBXFileReference; lastKnownFileType = sourcecode.swift; path = ContactsNetwork.swift; sourceTree = "<group>"; };
		8C43FC8622209E3600325E67 /* Encodable.swift */ = {isa = PBXFileReference; lastKnownFileType = sourcecode.swift; path = Encodable.swift; sourceTree = "<group>"; };
		8C43FC8822209E7500325E67 /* ContactMapping.swift */ = {isa = PBXFileReference; lastKnownFileType = sourcecode.swift; path = ContactMapping.swift; sourceTree = "<group>"; };
		8C43FC8A2220A7C300325E67 /* NetworkContactsUseCase.swift */ = {isa = PBXFileReference; lastKnownFileType = sourcecode.swift; path = NetworkContactsUseCase.swift; sourceTree = "<group>"; };
		8C43FC8C2220A84000325E67 /* Cache.swift */ = {isa = PBXFileReference; lastKnownFileType = sourcecode.swift; path = Cache.swift; sourceTree = "<group>"; };
		8C43FC8E2221DF0D00325E67 /* ContactDetailsViewController.swift */ = {isa = PBXFileReference; lastKnownFileType = sourcecode.swift; path = ContactDetailsViewController.swift; sourceTree = "<group>"; };
		8C43FC902221E15300325E67 /* ContactDetailViewModel.swift */ = {isa = PBXFileReference; lastKnownFileType = sourcecode.swift; path = ContactDetailViewModel.swift; sourceTree = "<group>"; };
		8C43FCB52222864400325E67 /* GradianView.swift */ = {isa = PBXFileReference; lastKnownFileType = sourcecode.swift; path = GradianView.swift; sourceTree = "<group>"; };
		8C43FCB72222DF8800325E67 /* StringExtention.swift */ = {isa = PBXFileReference; lastKnownFileType = sourcecode.swift; path = StringExtention.swift; sourceTree = "<group>"; };
		8C43FCBA2223BEB900325E67 /* CreateContactViewController.swift */ = {isa = PBXFileReference; lastKnownFileType = sourcecode.swift; path = CreateContactViewController.swift; sourceTree = "<group>"; };
		8C43FCBC2223C02F00325E67 /* CreateContactViewModel.swift */ = {isa = PBXFileReference; lastKnownFileType = sourcecode.swift; path = CreateContactViewModel.swift; sourceTree = "<group>"; };
		8C4B588B222663E2004077C0 /* AllContactsUseCaseMock.swift */ = {isa = PBXFileReference; lastKnownFileType = sourcecode.swift; path = AllContactsUseCaseMock.swift; sourceTree = "<group>"; };
		8C4B588D222665A3004077C0 /* ContactsNavigatorMock.swift */ = {isa = PBXFileReference; lastKnownFileType = sourcecode.swift; path = ContactsNavigatorMock.swift; sourceTree = "<group>"; };
		8C4B588F222666A8004077C0 /* ContactsListViewModelTests.swift */ = {isa = PBXFileReference; lastKnownFileType = sourcecode.swift; path = ContactsListViewModelTests.swift; sourceTree = "<group>"; };
		8C4B589122269ABB004077C0 /* ContactDetailViewModelTests.swift */ = {isa = PBXFileReference; lastKnownFileType = sourcecode.swift; path = ContactDetailViewModelTests.swift; sourceTree = "<group>"; };
		B78E69090F98E51F13A33D06 /* Pods-GoJekContact.release.xcconfig */ = {isa = PBXFileReference; includeInIndex = 1; lastKnownFileType = text.xcconfig; name = "Pods-GoJekContact.release.xcconfig"; path = "Pods/Target Support Files/Pods-GoJekContact/Pods-GoJekContact.release.xcconfig"; sourceTree = "<group>"; };
		C56953ED68E5531E8523CFF7 /* Pods_GoJekContactTests.framework */ = {isa = PBXFileReference; explicitFileType = wrapper.framework; includeInIndex = 0; path = Pods_GoJekContactTests.framework; sourceTree = BUILT_PRODUCTS_DIR; };
		C904AB24C8D0B73CE853B981 /* Pods_GoJekContact.framework */ = {isa = PBXFileReference; explicitFileType = wrapper.framework; includeInIndex = 0; path = Pods_GoJekContact.framework; sourceTree = BUILT_PRODUCTS_DIR; };
		CAD6E42A0D29ECEA4FB8E5F2 /* Pods-GoJekContactTests.debug.xcconfig */ = {isa = PBXFileReference; includeInIndex = 1; lastKnownFileType = text.xcconfig; name = "Pods-GoJekContactTests.debug.xcconfig"; path = "Pods/Target Support Files/Pods-GoJekContactTests/Pods-GoJekContactTests.debug.xcconfig"; sourceTree = "<group>"; };
/* End PBXFileReference section */

/* Begin PBXFrameworksBuildPhase section */
		8C43FC0D221F204300325E67 /* Frameworks */ = {
			isa = PBXFrameworksBuildPhase;
			buildActionMask = 2147483647;
			files = (
				F46CD107AEE1CF4733174CEA /* Pods_GoJekContact.framework in Frameworks */,
			);
			runOnlyForDeploymentPostprocessing = 0;
		};
		8C43FC24221F204600325E67 /* Frameworks */ = {
			isa = PBXFrameworksBuildPhase;
			buildActionMask = 2147483647;
			files = (
				F0DAF82E247B99CB771F1B4A /* Pods_GoJekContactTests.framework in Frameworks */,
			);
			runOnlyForDeploymentPostprocessing = 0;
		};
		8C43FC2F221F204600325E67 /* Frameworks */ = {
			isa = PBXFrameworksBuildPhase;
			buildActionMask = 2147483647;
			files = (
				2F7A38AC503AA9CCE8570C4E /* Pods_GoJekContactUITests.framework in Frameworks */,
			);
			runOnlyForDeploymentPostprocessing = 0;
		};
/* End PBXFrameworksBuildPhase section */

/* Begin PBXGroup section */
		0424B663422077D59932091B /* Frameworks */ = {
			isa = PBXGroup;
			children = (
				C904AB24C8D0B73CE853B981 /* Pods_GoJekContact.framework */,
				C56953ED68E5531E8523CFF7 /* Pods_GoJekContactTests.framework */,
				2CF7C85E5E63F0FAEFE21B57 /* Pods_GoJekContactUITests.framework */,
			);
			name = Frameworks;
			sourceTree = "<group>";
		};
		8C43FC07221F204200325E67 = {
			isa = PBXGroup;
			children = (
				8C43FC56221FDB7E00325E67 /* .swiftlint.yml */,
				8C43FC12221F204300325E67 /* GoJekContact */,
				8C43FC2A221F204600325E67 /* GoJekContactTests */,
				8C43FC35221F204600325E67 /* GoJekContactUITests */,
				8C43FC11221F204300325E67 /* Products */,
				DF92FCCEA260095EE8E52CF1 /* Pods */,
				0424B663422077D59932091B /* Frameworks */,
			);
			sourceTree = "<group>";
		};
		8C43FC11221F204300325E67 /* Products */ = {
			isa = PBXGroup;
			children = (
				8C43FC10221F204300325E67 /* GoJekContact.app */,
				8C43FC27221F204600325E67 /* GoJekContactTests.xctest */,
				8C43FC32221F204600325E67 /* GoJekContactUITests.xctest */,
			);
			name = Products;
			sourceTree = "<group>";
		};
		8C43FC12221F204300325E67 /* GoJekContact */ = {
			isa = PBXGroup;
			children = (
				8C43FC59221FDCF100325E67 /* Extentions */,
				8C43FC48221F2F1000325E67 /* Resources */,
				8C43FC46221F297200325E67 /* MVVM */,
				8C43FC13221F204300325E67 /* AppDelegate.swift */,
				8C43FC17221F204300325E67 /* Contact.storyboard */,
				8C43FC1D221F204500325E67 /* Assets.xcassets */,
				8C43FC1F221F204500325E67 /* LaunchScreen.storyboard */,
				8C43FC22221F204500325E67 /* Info.plist */,
			);
			path = GoJekContact;
			sourceTree = "<group>";
		};
		8C43FC2A221F204600325E67 /* GoJekContactTests */ = {
			isa = PBXGroup;
			children = (
				8C43FC2D221F204600325E67 /* Info.plist */,
				8C4B588B222663E2004077C0 /* AllContactsUseCaseMock.swift */,
				8C4B588D222665A3004077C0 /* ContactsNavigatorMock.swift */,
				8C4B588F222666A8004077C0 /* ContactsListViewModelTests.swift */,
				8C4B589122269ABB004077C0 /* ContactDetailViewModelTests.swift */,
			);
			path = GoJekContactTests;
			sourceTree = "<group>";
		};
		8C43FC35221F204600325E67 /* GoJekContactUITests */ = {
			isa = PBXGroup;
			children = (
				8C43FC36221F204600325E67 /* GoJekContactUITests.swift */,
				8C43FC38221F204600325E67 /* Info.plist */,
			);
			path = GoJekContactUITests;
			sourceTree = "<group>";
		};
		8C43FC46221F297200325E67 /* MVVM */ = {
			isa = PBXGroup;
			children = (
				8C43FC63221FF7E400325E67 /* Model */,
				8C43FC60221FE03C00325E67 /* ViewModel */,
				8C43FC47221F297E00325E67 /* View */,
			);
			path = MVVM;
			sourceTree = "<group>";
		};
		8C43FC47221F297E00325E67 /* View */ = {
			isa = PBXGroup;
			children = (
				8C43FC66221FFEA000325E67 /* ContactsListViewController.swift */,
				8C43FC8E2221DF0D00325E67 /* ContactDetailsViewController.swift */,
				8C43FCBA2223BEB900325E67 /* CreateContactViewController.swift */,
			);
			path = View;
			sourceTree = "<group>";
		};
		8C43FC48221F2F1000325E67 /* Resources */ = {
			isa = PBXGroup;
			children = (
				8C43FC7F2220978B00325E67 /* Network */,
				8C43FC49221F2F2F00325E67 /* Font */,
				8C43FC5E221FDD6100325E67 /* Utility.swift */,
				8C43FC6922201D9600325E67 /* Constants.swift */,
				8C43FC6D2220568800325E67 /* ErrorTracker.swift */,
				8C43FC6F222056B700325E67 /* ActivityIndicator.swift */,
				8C43FC712220673A00325E67 /* ObservableExtention.swift */,
				8C43FC732220779F00325E67 /* ContactUseCase.swift */,
				8C43FC7722207D3F00325E67 /* ViewModelType.swift */,
				8C43FC7922207FBB00325E67 /* ContactsNavigator.swift */,
				8C43FC7D22208FB300325E67 /* Application.swift */,
				8C43FCB52222864400325E67 /* GradianView.swift */,
			);
			path = Resources;
			sourceTree = "<group>";
		};
		8C43FC49221F2F2F00325E67 /* Font */ = {
			isa = PBXGroup;
			children = (
				8C43FC51221F2F4F00325E67 /* SFUIText-Bold.ttf */,
				8C43FC4F221F2F4F00325E67 /* SFUIText-BoldItalic.ttf */,
				8C43FC50221F2F4F00325E67 /* SFUIText-Heavy.ttf */,
				8C43FC54221F2F4F00325E67 /* SFUIText-HeavyItalic.ttf */,
				8C43FC4D221F2F4E00325E67 /* SFUIText-Light.ttf */,
				8C43FC4A221F2F4E00325E67 /* SFUIText-LightItalic.ttf */,
				8C43FC4E221F2F4F00325E67 /* SFUIText-Medium.ttf */,
				8C43FC52221F2F4F00325E67 /* SFUIText-MediumItalic.ttf */,
				8C43FC53221F2F4F00325E67 /* SFUIText-Regular.ttf */,
				8C43FC55221F2F5000325E67 /* SFUIText-RegularItalic.ttf */,
				8C43FC4B221F2F4E00325E67 /* SFUIText-Semibold.ttf */,
				8C43FC4C221F2F4E00325E67 /* SFUIText-SemiboldItalic.ttf */,
			);
			path = Font;
			sourceTree = "<group>";
		};
		8C43FC59221FDCF100325E67 /* Extentions */ = {
			isa = PBXGroup;
			children = (
				8C43FC5A221FDD0D00325E67 /* UITableViewExtention.swift */,
				8C43FC6B222025FE00325E67 /* UIAlertControllerExtention.swift */,
				8C43FC7B22208C1800325E67 /* UIStoryboardExtention.swift */,
				8C43FCB72222DF8800325E67 /* StringExtention.swift */,
			);
			path = Extentions;
			sourceTree = "<group>";
		};
		8C43FC60221FE03C00325E67 /* ViewModel */ = {
			isa = PBXGroup;
			children = (
				8C43FC61221FE05A00325E67 /* ContactsListViewModel.swift */,
				8C43FC902221E15300325E67 /* ContactDetailViewModel.swift */,
				8C43FCBC2223C02F00325E67 /* CreateContactViewModel.swift */,
			);
			path = ViewModel;
			sourceTree = "<group>";
		};
		8C43FC63221FF7E400325E67 /* Model */ = {
			isa = PBXGroup;
			children = (
				8C43FC7522207AE900325E67 /* Contact.swift */,
			);
			path = Model;
			sourceTree = "<group>";
		};
		8C43FC7F2220978B00325E67 /* Network */ = {
			isa = PBXGroup;
			children = (
				8C43FC802220981800325E67 /* NetworkUseCaseProvider.swift */,
				8C43FC822220997800325E67 /* Network.swift */,
				8C43FC8422209BF100325E67 /* ContactsNetwork.swift */,
				8C43FC8622209E3600325E67 /* Encodable.swift */,
				8C43FC8822209E7500325E67 /* ContactMapping.swift */,
				8C43FC8A2220A7C300325E67 /* NetworkContactsUseCase.swift */,
				8C43FC8C2220A84000325E67 /* Cache.swift */,
			);
			path = Network;
			sourceTree = "<group>";
		};
		DF92FCCEA260095EE8E52CF1 /* Pods */ = {
			isa = PBXGroup;
			children = (
				3010557C5D55AD09D6C972C6 /* Pods-GoJekContact.debug.xcconfig */,
				B78E69090F98E51F13A33D06 /* Pods-GoJekContact.release.xcconfig */,
				CAD6E42A0D29ECEA4FB8E5F2 /* Pods-GoJekContactTests.debug.xcconfig */,
				5DAB0F92CED346DB64309C6B /* Pods-GoJekContactTests.release.xcconfig */,
				73D29B6E25FA1B8BABD3B23C /* Pods-GoJekContactUITests.debug.xcconfig */,
				041476E2586BE8ED23DB0389 /* Pods-GoJekContactUITests.release.xcconfig */,
			);
			name = Pods;
			sourceTree = "<group>";
		};
/* End PBXGroup section */

/* Begin PBXNativeTarget section */
		8C43FC0F221F204300325E67 /* GoJekContact */ = {
			isa = PBXNativeTarget;
			buildConfigurationList = 8C43FC3B221F204600325E67 /* Build configuration list for PBXNativeTarget "GoJekContact" */;
			buildPhases = (
				51F1B66AE822E04775561C81 /* [CP] Check Pods Manifest.lock */,
				8C43FC58221FDC2C00325E67 /* ShellScript */,
				8C43FC0C221F204300325E67 /* Sources */,
				8C43FC0D221F204300325E67 /* Frameworks */,
				8C43FC0E221F204300325E67 /* Resources */,
				53FC25D5E0E1B98936C71037 /* [CP] Embed Pods Frameworks */,
			);
			buildRules = (
			);
			dependencies = (
			);
			name = GoJekContact;
			productName = GoJekContact;
			productReference = 8C43FC10221F204300325E67 /* GoJekContact.app */;
			productType = "com.apple.product-type.application";
		};
		8C43FC26221F204600325E67 /* GoJekContactTests */ = {
			isa = PBXNativeTarget;
			buildConfigurationList = 8C43FC3E221F204600325E67 /* Build configuration list for PBXNativeTarget "GoJekContactTests" */;
			buildPhases = (
				3E40E97569AD10120B03B68D /* [CP] Check Pods Manifest.lock */,
				8C43FC23221F204600325E67 /* Sources */,
				8C43FC24221F204600325E67 /* Frameworks */,
				8C43FC25221F204600325E67 /* Resources */,
			);
			buildRules = (
			);
			dependencies = (
				8C43FC29221F204600325E67 /* PBXTargetDependency */,
			);
			name = GoJekContactTests;
			productName = GoJekContactTests;
			productReference = 8C43FC27221F204600325E67 /* GoJekContactTests.xctest */;
			productType = "com.apple.product-type.bundle.unit-test";
		};
		8C43FC31221F204600325E67 /* GoJekContactUITests */ = {
			isa = PBXNativeTarget;
			buildConfigurationList = 8C43FC41221F204600325E67 /* Build configuration list for PBXNativeTarget "GoJekContactUITests" */;
			buildPhases = (
				EE0C460824F12FFE7B5B8E1B /* [CP] Check Pods Manifest.lock */,
				8C43FC2E221F204600325E67 /* Sources */,
				8C43FC2F221F204600325E67 /* Frameworks */,
				8C43FC30221F204600325E67 /* Resources */,
			);
			buildRules = (
			);
			dependencies = (
				8C43FC34221F204600325E67 /* PBXTargetDependency */,
			);
			name = GoJekContactUITests;
			productName = GoJekContactUITests;
			productReference = 8C43FC32221F204600325E67 /* GoJekContactUITests.xctest */;
			productType = "com.apple.product-type.bundle.ui-testing";
		};
/* End PBXNativeTarget section */

/* Begin PBXProject section */
		8C43FC08221F204200325E67 /* Project object */ = {
			isa = PBXProject;
			attributes = {
				LastSwiftUpdateCheck = 1010;
				LastUpgradeCheck = 1010;
				ORGANIZATIONNAME = "Sachin Kumar Patra";
				TargetAttributes = {
					8C43FC0F221F204300325E67 = {
						CreatedOnToolsVersion = 10.1;
					};
					8C43FC26221F204600325E67 = {
						CreatedOnToolsVersion = 10.1;
						TestTargetID = 8C43FC0F221F204300325E67;
					};
					8C43FC31221F204600325E67 = {
						CreatedOnToolsVersion = 10.1;
						TestTargetID = 8C43FC0F221F204300325E67;
					};
				};
			};
			buildConfigurationList = 8C43FC0B221F204300325E67 /* Build configuration list for PBXProject "GoJekContact" */;
			compatibilityVersion = "Xcode 9.3";
			developmentRegion = en;
			hasScannedForEncodings = 0;
			knownRegions = (
				en,
				Base,
			);
			mainGroup = 8C43FC07221F204200325E67;
			productRefGroup = 8C43FC11221F204300325E67 /* Products */;
			projectDirPath = "";
			projectRoot = "";
			targets = (
				8C43FC0F221F204300325E67 /* GoJekContact */,
				8C43FC26221F204600325E67 /* GoJekContactTests */,
				8C43FC31221F204600325E67 /* GoJekContactUITests */,
			);
		};
/* End PBXProject section */

/* Begin PBXResourcesBuildPhase section */
		8C43FC0E221F204300325E67 /* Resources */ = {
			isa = PBXResourcesBuildPhase;
			buildActionMask = 2147483647;
			files = (
				8C43FC57221FDB7E00325E67 /* .swiftlint.yml in Resources */,
				8C43FC21221F204500325E67 /* LaunchScreen.storyboard in Resources */,
				8C43FC1E221F204500325E67 /* Assets.xcassets in Resources */,
				8C43FC19221F204300325E67 /* Contact.storyboard in Resources */,
			);
			runOnlyForDeploymentPostprocessing = 0;
		};
		8C43FC25221F204600325E67 /* Resources */ = {
			isa = PBXResourcesBuildPhase;
			buildActionMask = 2147483647;
			files = (
			);
			runOnlyForDeploymentPostprocessing = 0;
		};
		8C43FC30221F204600325E67 /* Resources */ = {
			isa = PBXResourcesBuildPhase;
			buildActionMask = 2147483647;
			files = (
			);
			runOnlyForDeploymentPostprocessing = 0;
		};
/* End PBXResourcesBuildPhase section */

/* Begin PBXShellScriptBuildPhase section */
		3E40E97569AD10120B03B68D /* [CP] Check Pods Manifest.lock */ = {
			isa = PBXShellScriptBuildPhase;
			buildActionMask = 2147483647;
			files = (
			);
			inputFileListPaths = (
			);
			inputPaths = (
				"${PODS_PODFILE_DIR_PATH}/Podfile.lock",
				"${PODS_ROOT}/Manifest.lock",
			);
			name = "[CP] Check Pods Manifest.lock";
			outputFileListPaths = (
			);
			outputPaths = (
				"$(DERIVED_FILE_DIR)/Pods-GoJekContactTests-checkManifestLockResult.txt",
			);
			runOnlyForDeploymentPostprocessing = 0;
			shellPath = /bin/sh;
			shellScript = "diff \"${PODS_PODFILE_DIR_PATH}/Podfile.lock\" \"${PODS_ROOT}/Manifest.lock\" > /dev/null\nif [ $? != 0 ] ; then\n    # print error to STDERR\n    echo \"error: The sandbox is not in sync with the Podfile.lock. Run 'pod install' or update your CocoaPods installation.\" >&2\n    exit 1\nfi\n# This output is used by Xcode 'outputs' to avoid re-running this script phase.\necho \"SUCCESS\" > \"${SCRIPT_OUTPUT_FILE_0}\"\n";
			showEnvVarsInLog = 0;
		};
		51F1B66AE822E04775561C81 /* [CP] Check Pods Manifest.lock */ = {
			isa = PBXShellScriptBuildPhase;
			buildActionMask = 2147483647;
			files = (
			);
			inputFileListPaths = (
			);
			inputPaths = (
				"${PODS_PODFILE_DIR_PATH}/Podfile.lock",
				"${PODS_ROOT}/Manifest.lock",
			);
			name = "[CP] Check Pods Manifest.lock";
			outputFileListPaths = (
			);
			outputPaths = (
				"$(DERIVED_FILE_DIR)/Pods-GoJekContact-checkManifestLockResult.txt",
			);
			runOnlyForDeploymentPostprocessing = 0;
			shellPath = /bin/sh;
			shellScript = "diff \"${PODS_PODFILE_DIR_PATH}/Podfile.lock\" \"${PODS_ROOT}/Manifest.lock\" > /dev/null\nif [ $? != 0 ] ; then\n    # print error to STDERR\n    echo \"error: The sandbox is not in sync with the Podfile.lock. Run 'pod install' or update your CocoaPods installation.\" >&2\n    exit 1\nfi\n# This output is used by Xcode 'outputs' to avoid re-running this script phase.\necho \"SUCCESS\" > \"${SCRIPT_OUTPUT_FILE_0}\"\n";
			showEnvVarsInLog = 0;
		};
		53FC25D5E0E1B98936C71037 /* [CP] Embed Pods Frameworks */ = {
			isa = PBXShellScriptBuildPhase;
			buildActionMask = 2147483647;
			files = (
			);
			inputFileListPaths = (
			);
			inputPaths = (
				"${SRCROOT}/Pods/Target Support Files/Pods-GoJekContact/Pods-GoJekContact-frameworks.sh",
				"${BUILT_PRODUCTS_DIR}/Alamofire/Alamofire.framework",
				"${BUILT_PRODUCTS_DIR}/Differentiator/Differentiator.framework",
				"${BUILT_PRODUCTS_DIR}/Kingfisher/Kingfisher.framework",
				"${BUILT_PRODUCTS_DIR}/RxAlamofire/RxAlamofire.framework",
				"${BUILT_PRODUCTS_DIR}/RxCocoa/RxCocoa.framework",
				"${BUILT_PRODUCTS_DIR}/RxDataSources/RxDataSources.framework",
				"${BUILT_PRODUCTS_DIR}/RxSwift/RxSwift.framework",
				"${BUILT_PRODUCTS_DIR}/SwiftyJSON/SwiftyJSON.framework",
			);
			name = "[CP] Embed Pods Frameworks";
			outputFileListPaths = (
			);
			outputPaths = (
				"${TARGET_BUILD_DIR}/${FRAMEWORKS_FOLDER_PATH}/Alamofire.framework",
				"${TARGET_BUILD_DIR}/${FRAMEWORKS_FOLDER_PATH}/Differentiator.framework",
				"${TARGET_BUILD_DIR}/${FRAMEWORKS_FOLDER_PATH}/Kingfisher.framework",
				"${TARGET_BUILD_DIR}/${FRAMEWORKS_FOLDER_PATH}/RxAlamofire.framework",
				"${TARGET_BUILD_DIR}/${FRAMEWORKS_FOLDER_PATH}/RxCocoa.framework",
				"${TARGET_BUILD_DIR}/${FRAMEWORKS_FOLDER_PATH}/RxDataSources.framework",
				"${TARGET_BUILD_DIR}/${FRAMEWORKS_FOLDER_PATH}/RxSwift.framework",
				"${TARGET_BUILD_DIR}/${FRAMEWORKS_FOLDER_PATH}/SwiftyJSON.framework",
			);
			runOnlyForDeploymentPostprocessing = 0;
			shellPath = /bin/sh;
			shellScript = "\"${SRCROOT}/Pods/Target Support Files/Pods-GoJekContact/Pods-GoJekContact-frameworks.sh\"\n";
			showEnvVarsInLog = 0;
		};
		8C43FC58221FDC2C00325E67 /* ShellScript */ = {
			isa = PBXShellScriptBuildPhase;
			buildActionMask = 2147483647;
			files = (
			);
			inputFileListPaths = (
			);
			inputPaths = (
			);
			outputFileListPaths = (
			);
			outputPaths = (
			);
			runOnlyForDeploymentPostprocessing = 0;
			shellPath = /bin/sh;
			shellScript = "\"${PODS_ROOT}/SwiftLint/swiftlint\"\n";
		};
		EE0C460824F12FFE7B5B8E1B /* [CP] Check Pods Manifest.lock */ = {
			isa = PBXShellScriptBuildPhase;
			buildActionMask = 2147483647;
			files = (
			);
			inputFileListPaths = (
			);
			inputPaths = (
				"${PODS_PODFILE_DIR_PATH}/Podfile.lock",
				"${PODS_ROOT}/Manifest.lock",
			);
			name = "[CP] Check Pods Manifest.lock";
			outputFileListPaths = (
			);
			outputPaths = (
				"$(DERIVED_FILE_DIR)/Pods-GoJekContactUITests-checkManifestLockResult.txt",
			);
			runOnlyForDeploymentPostprocessing = 0;
			shellPath = /bin/sh;
			shellScript = "diff \"${PODS_PODFILE_DIR_PATH}/Podfile.lock\" \"${PODS_ROOT}/Manifest.lock\" > /dev/null\nif [ $? != 0 ] ; then\n    # print error to STDERR\n    echo \"error: The sandbox is not in sync with the Podfile.lock. Run 'pod install' or update your CocoaPods installation.\" >&2\n    exit 1\nfi\n# This output is used by Xcode 'outputs' to avoid re-running this script phase.\necho \"SUCCESS\" > \"${SCRIPT_OUTPUT_FILE_0}\"\n";
			showEnvVarsInLog = 0;
		};
/* End PBXShellScriptBuildPhase section */

/* Begin PBXSourcesBuildPhase section */
		8C43FC0C221F204300325E67 /* Sources */ = {
			isa = PBXSourcesBuildPhase;
			buildActionMask = 2147483647;
			files = (
				8C43FC8F2221DF0D00325E67 /* ContactDetailsViewController.swift in Sources */,
				8C43FC7E22208FB300325E67 /* Application.swift in Sources */,
				8C43FC8B2220A7C300325E67 /* NetworkContactsUseCase.swift in Sources */,
				8C43FC5F221FDD6100325E67 /* Utility.swift in Sources */,
				8C43FC62221FE05A00325E67 /* ContactsListViewModel.swift in Sources */,
				8C43FC67221FFEA000325E67 /* ContactsListViewController.swift in Sources */,
				8C43FC912221E15300325E67 /* ContactDetailViewModel.swift in Sources */,
				8C43FC5B221FDD0D00325E67 /* UITableViewExtention.swift in Sources */,
				8C43FCBB2223BEB900325E67 /* CreateContactViewController.swift in Sources */,
				8C43FCB82222DF8800325E67 /* StringExtention.swift in Sources */,
				8C43FC742220779F00325E67 /* ContactUseCase.swift in Sources */,
				8C43FC7622207AE900325E67 /* Contact.swift in Sources */,
				8C43FC812220981800325E67 /* NetworkUseCaseProvider.swift in Sources */,
				8C43FC70222056B700325E67 /* ActivityIndicator.swift in Sources */,
				8C43FCBD2223C02F00325E67 /* CreateContactViewModel.swift in Sources */,
				8C43FCB62222864400325E67 /* GradianView.swift in Sources */,
				8C43FC832220997800325E67 /* Network.swift in Sources */,
				8C43FC7822207D3F00325E67 /* ViewModelType.swift in Sources */,
				8C43FC6C222025FE00325E67 /* UIAlertControllerExtention.swift in Sources */,
				8C43FC7C22208C1800325E67 /* UIStoryboardExtention.swift in Sources */,
				8C43FC722220673A00325E67 /* ObservableExtention.swift in Sources */,
				8C43FC14221F204300325E67 /* AppDelegate.swift in Sources */,
				8C43FC7A22207FBB00325E67 /* ContactsNavigator.swift in Sources */,
				8C43FC8922209E7500325E67 /* ContactMapping.swift in Sources */,
				8C43FC6A22201D9600325E67 /* Constants.swift in Sources */,
				8C43FC8D2220A84000325E67 /* Cache.swift in Sources */,
				8C43FC6E2220568800325E67 /* ErrorTracker.swift in Sources */,
				8C43FC8522209BF100325E67 /* ContactsNetwork.swift in Sources */,
				8C43FC8722209E3600325E67 /* Encodable.swift in Sources */,
			);
			runOnlyForDeploymentPostprocessing = 0;
		};
		8C43FC23221F204600325E67 /* Sources */ = {
			isa = PBXSourcesBuildPhase;
			buildActionMask = 2147483647;
			files = (
				8C4B5890222666A8004077C0 /* ContactsListViewModelTests.swift in Sources */,
				8C4B588C222663E2004077C0 /* AllContactsUseCaseMock.swift in Sources */,
				8C4B589222269ABB004077C0 /* ContactDetailViewModelTests.swift in Sources */,
				8C43FC5C221FDD2000325E67 /* UITableViewExtention.swift in Sources */,
				8C4B588E222665A3004077C0 /* ContactsNavigatorMock.swift in Sources */,
			);
			runOnlyForDeploymentPostprocessing = 0;
		};
		8C43FC2E221F204600325E67 /* Sources */ = {
			isa = PBXSourcesBuildPhase;
			buildActionMask = 2147483647;
			files = (
				8C43FC5D221FDD2100325E67 /* UITableViewExtention.swift in Sources */,
				8C43FC37221F204600325E67 /* GoJekContactUITests.swift in Sources */,
			);
			runOnlyForDeploymentPostprocessing = 0;
		};
/* End PBXSourcesBuildPhase section */

/* Begin PBXTargetDependency section */
		8C43FC29221F204600325E67 /* PBXTargetDependency */ = {
			isa = PBXTargetDependency;
			target = 8C43FC0F221F204300325E67 /* GoJekContact */;
			targetProxy = 8C43FC28221F204600325E67 /* PBXContainerItemProxy */;
		};
		8C43FC34221F204600325E67 /* PBXTargetDependency */ = {
			isa = PBXTargetDependency;
			target = 8C43FC0F221F204300325E67 /* GoJekContact */;
			targetProxy = 8C43FC33221F204600325E67 /* PBXContainerItemProxy */;
		};
/* End PBXTargetDependency section */

/* Begin PBXVariantGroup section */
		8C43FC17221F204300325E67 /* Contact.storyboard */ = {
			isa = PBXVariantGroup;
			children = (
				8C43FC18221F204300325E67 /* Base */,
			);
			name = Contact.storyboard;
			sourceTree = "<group>";
		};
		8C43FC1F221F204500325E67 /* LaunchScreen.storyboard */ = {
			isa = PBXVariantGroup;
			children = (
				8C43FC20221F204500325E67 /* Base */,
			);
			name = LaunchScreen.storyboard;
			sourceTree = "<group>";
		};
/* End PBXVariantGroup section */

/* Begin XCBuildConfiguration section */
		8C43FC39221F204600325E67 /* Debug */ = {
			isa = XCBuildConfiguration;
			buildSettings = {
				ALWAYS_SEARCH_USER_PATHS = NO;
				CLANG_ANALYZER_NONNULL = YES;
				CLANG_ANALYZER_NUMBER_OBJECT_CONVERSION = YES_AGGRESSIVE;
				CLANG_CXX_LANGUAGE_STANDARD = "gnu++14";
				CLANG_CXX_LIBRARY = "libc++";
				CLANG_ENABLE_MODULES = YES;
				CLANG_ENABLE_OBJC_ARC = YES;
				CLANG_ENABLE_OBJC_WEAK = YES;
				CLANG_WARN_BLOCK_CAPTURE_AUTORELEASING = YES;
				CLANG_WARN_BOOL_CONVERSION = YES;
				CLANG_WARN_COMMA = YES;
				CLANG_WARN_CONSTANT_CONVERSION = YES;
				CLANG_WARN_DEPRECATED_OBJC_IMPLEMENTATIONS = YES;
				CLANG_WARN_DIRECT_OBJC_ISA_USAGE = YES_ERROR;
				CLANG_WARN_DOCUMENTATION_COMMENTS = YES;
				CLANG_WARN_EMPTY_BODY = YES;
				CLANG_WARN_ENUM_CONVERSION = YES;
				CLANG_WARN_INFINITE_RECURSION = YES;
				CLANG_WARN_INT_CONVERSION = YES;
				CLANG_WARN_NON_LITERAL_NULL_CONVERSION = YES;
				CLANG_WARN_OBJC_IMPLICIT_RETAIN_SELF = YES;
				CLANG_WARN_OBJC_LITERAL_CONVERSION = YES;
				CLANG_WARN_OBJC_ROOT_CLASS = YES_ERROR;
				CLANG_WARN_RANGE_LOOP_ANALYSIS = YES;
				CLANG_WARN_STRICT_PROTOTYPES = YES;
				CLANG_WARN_SUSPICIOUS_MOVE = YES;
				CLANG_WARN_UNGUARDED_AVAILABILITY = YES_AGGRESSIVE;
				CLANG_WARN_UNREACHABLE_CODE = YES;
				CLANG_WARN__DUPLICATE_METHOD_MATCH = YES;
				CODE_SIGN_IDENTITY = "iPhone Developer";
				COPY_PHASE_STRIP = NO;
				DEBUG_INFORMATION_FORMAT = dwarf;
				ENABLE_STRICT_OBJC_MSGSEND = YES;
				ENABLE_TESTABILITY = YES;
				GCC_C_LANGUAGE_STANDARD = gnu11;
				GCC_DYNAMIC_NO_PIC = NO;
				GCC_NO_COMMON_BLOCKS = YES;
				GCC_OPTIMIZATION_LEVEL = 0;
				GCC_PREPROCESSOR_DEFINITIONS = (
					"DEBUG=1",
					"$(inherited)",
				);
				GCC_WARN_64_TO_32_BIT_CONVERSION = YES;
				GCC_WARN_ABOUT_RETURN_TYPE = YES_ERROR;
				GCC_WARN_UNDECLARED_SELECTOR = YES;
				GCC_WARN_UNINITIALIZED_AUTOS = YES_AGGRESSIVE;
				GCC_WARN_UNUSED_FUNCTION = YES;
				GCC_WARN_UNUSED_VARIABLE = YES;
				IPHONEOS_DEPLOYMENT_TARGET = 12.1;
				MTL_ENABLE_DEBUG_INFO = INCLUDE_SOURCE;
				MTL_FAST_MATH = YES;
				ONLY_ACTIVE_ARCH = YES;
				SDKROOT = iphoneos;
				SWIFT_ACTIVE_COMPILATION_CONDITIONS = DEBUG;
				SWIFT_OPTIMIZATION_LEVEL = "-Onone";
			};
			name = Debug;
		};
		8C43FC3A221F204600325E67 /* Release */ = {
			isa = XCBuildConfiguration;
			buildSettings = {
				ALWAYS_SEARCH_USER_PATHS = NO;
				CLANG_ANALYZER_NONNULL = YES;
				CLANG_ANALYZER_NUMBER_OBJECT_CONVERSION = YES_AGGRESSIVE;
				CLANG_CXX_LANGUAGE_STANDARD = "gnu++14";
				CLANG_CXX_LIBRARY = "libc++";
				CLANG_ENABLE_MODULES = YES;
				CLANG_ENABLE_OBJC_ARC = YES;
				CLANG_ENABLE_OBJC_WEAK = YES;
				CLANG_WARN_BLOCK_CAPTURE_AUTORELEASING = YES;
				CLANG_WARN_BOOL_CONVERSION = YES;
				CLANG_WARN_COMMA = YES;
				CLANG_WARN_CONSTANT_CONVERSION = YES;
				CLANG_WARN_DEPRECATED_OBJC_IMPLEMENTATIONS = YES;
				CLANG_WARN_DIRECT_OBJC_ISA_USAGE = YES_ERROR;
				CLANG_WARN_DOCUMENTATION_COMMENTS = YES;
				CLANG_WARN_EMPTY_BODY = YES;
				CLANG_WARN_ENUM_CONVERSION = YES;
				CLANG_WARN_INFINITE_RECURSION = YES;
				CLANG_WARN_INT_CONVERSION = YES;
				CLANG_WARN_NON_LITERAL_NULL_CONVERSION = YES;
				CLANG_WARN_OBJC_IMPLICIT_RETAIN_SELF = YES;
				CLANG_WARN_OBJC_LITERAL_CONVERSION = YES;
				CLANG_WARN_OBJC_ROOT_CLASS = YES_ERROR;
				CLANG_WARN_RANGE_LOOP_ANALYSIS = YES;
				CLANG_WARN_STRICT_PROTOTYPES = YES;
				CLANG_WARN_SUSPICIOUS_MOVE = YES;
				CLANG_WARN_UNGUARDED_AVAILABILITY = YES_AGGRESSIVE;
				CLANG_WARN_UNREACHABLE_CODE = YES;
				CLANG_WARN__DUPLICATE_METHOD_MATCH = YES;
				CODE_SIGN_IDENTITY = "iPhone Developer";
				COPY_PHASE_STRIP = NO;
				DEBUG_INFORMATION_FORMAT = "dwarf-with-dsym";
				ENABLE_NS_ASSERTIONS = NO;
				ENABLE_STRICT_OBJC_MSGSEND = YES;
				GCC_C_LANGUAGE_STANDARD = gnu11;
				GCC_NO_COMMON_BLOCKS = YES;
				GCC_WARN_64_TO_32_BIT_CONVERSION = YES;
				GCC_WARN_ABOUT_RETURN_TYPE = YES_ERROR;
				GCC_WARN_UNDECLARED_SELECTOR = YES;
				GCC_WARN_UNINITIALIZED_AUTOS = YES_AGGRESSIVE;
				GCC_WARN_UNUSED_FUNCTION = YES;
				GCC_WARN_UNUSED_VARIABLE = YES;
				IPHONEOS_DEPLOYMENT_TARGET = 12.1;
				MTL_ENABLE_DEBUG_INFO = NO;
				MTL_FAST_MATH = YES;
				SDKROOT = iphoneos;
				SWIFT_COMPILATION_MODE = wholemodule;
				SWIFT_OPTIMIZATION_LEVEL = "-O";
				VALIDATE_PRODUCT = YES;
			};
			name = Release;
		};
		8C43FC3C221F204600325E67 /* Debug */ = {
			isa = XCBuildConfiguration;
			baseConfigurationReference = 3010557C5D55AD09D6C972C6 /* Pods-GoJekContact.debug.xcconfig */;
			buildSettings = {
				ASSETCATALOG_COMPILER_APPICON_NAME = AppIcon;
				CODE_SIGN_STYLE = Automatic;
				DEVELOPMENT_TEAM = DWSYH823M3;
				INFOPLIST_FILE = GoJekContact/Info.plist;
				IPHONEOS_DEPLOYMENT_TARGET = 12.0;
				LD_RUNPATH_SEARCH_PATHS = (
					"$(inherited)",
					"@executable_path/Frameworks",
				);
				PRODUCT_BUNDLE_IDENTIFIER = com.kirusa.GoJekContact;
				PRODUCT_NAME = "$(TARGET_NAME)";
				SWIFT_VERSION = 4.2;
				TARGETED_DEVICE_FAMILY = 1;
			};
			name = Debug;
		};
		8C43FC3D221F204600325E67 /* Release */ = {
			isa = XCBuildConfiguration;
			baseConfigurationReference = B78E69090F98E51F13A33D06 /* Pods-GoJekContact.release.xcconfig */;
			buildSettings = {
				ASSETCATALOG_COMPILER_APPICON_NAME = AppIcon;
				CODE_SIGN_STYLE = Automatic;
				DEVELOPMENT_TEAM = DWSYH823M3;
				INFOPLIST_FILE = GoJekContact/Info.plist;
				IPHONEOS_DEPLOYMENT_TARGET = 12.0;
				LD_RUNPATH_SEARCH_PATHS = (
					"$(inherited)",
					"@executable_path/Frameworks",
				);
				PRODUCT_BUNDLE_IDENTIFIER = com.kirusa.GoJekContact;
				PRODUCT_NAME = "$(TARGET_NAME)";
				SWIFT_VERSION = 4.2;
				TARGETED_DEVICE_FAMILY = 1;
			};
			name = Release;
		};
		8C43FC3F221F204600325E67 /* Debug */ = {
			isa = XCBuildConfiguration;
			baseConfigurationReference = CAD6E42A0D29ECEA4FB8E5F2 /* Pods-GoJekContactTests.debug.xcconfig */;
			buildSettings = {
				ALWAYS_EMBED_SWIFT_STANDARD_LIBRARIES = YES;
				BUNDLE_LOADER = "$(TEST_HOST)";
				CODE_SIGN_STYLE = Automatic;
				DEVELOPMENT_TEAM = DWSYH823M3;
				INFOPLIST_FILE = GoJekContactTests/Info.plist;
				LD_RUNPATH_SEARCH_PATHS = (
					"$(inherited)",
					"@executable_path/Frameworks",
					"@loader_path/Frameworks",
				);
				PRODUCT_BUNDLE_IDENTIFIER = com.kirusa.GoJekContactTests;
				PRODUCT_NAME = "$(TARGET_NAME)";
				SWIFT_VERSION = 4.2;
				TARGETED_DEVICE_FAMILY = "1,2";
				TEST_HOST = "$(BUILT_PRODUCTS_DIR)/GoJekContact.app/GoJekContact";
			};
			name = Debug;
		};
		8C43FC40221F204600325E67 /* Release */ = {
			isa = XCBuildConfiguration;
			baseConfigurationReference = 5DAB0F92CED346DB64309C6B /* Pods-GoJekContactTests.release.xcconfig */;
			buildSettings = {
				ALWAYS_EMBED_SWIFT_STANDARD_LIBRARIES = YES;
				BUNDLE_LOADER = "$(TEST_HOST)";
				CODE_SIGN_STYLE = Automatic;
				DEVELOPMENT_TEAM = DWSYH823M3;
				INFOPLIST_FILE = GoJekContactTests/Info.plist;
				LD_RUNPATH_SEARCH_PATHS = (
					"$(inherited)",
					"@executable_path/Frameworks",
					"@loader_path/Frameworks",
				);
				PRODUCT_BUNDLE_IDENTIFIER = com.kirusa.GoJekContactTests;
				PRODUCT_NAME = "$(TARGET_NAME)";
				SWIFT_VERSION = 4.2;
				TARGETED_DEVICE_FAMILY = "1,2";
				TEST_HOST = "$(BUILT_PRODUCTS_DIR)/GoJekContact.app/GoJekContact";
			};
			name = Release;
		};
		8C43FC42221F204600325E67 /* Debug */ = {
			isa = XCBuildConfiguration;
			baseConfigurationReference = 73D29B6E25FA1B8BABD3B23C /* Pods-GoJekContactUITests.debug.xcconfig */;
			buildSettings = {
				ALWAYS_EMBED_SWIFT_STANDARD_LIBRARIES = YES;
				CODE_SIGN_STYLE = Automatic;
				DEVELOPMENT_TEAM = DWSYH823M3;
				INFOPLIST_FILE = GoJekContactUITests/Info.plist;
				LD_RUNPATH_SEARCH_PATHS = (
					"$(inherited)",
					"@executable_path/Frameworks",
					"@loader_path/Frameworks",
				);
				PRODUCT_BUNDLE_IDENTIFIER = com.kirusa.GoJekContactUITests;
				PRODUCT_NAME = "$(TARGET_NAME)";
				SWIFT_VERSION = 4.2;
				TARGETED_DEVICE_FAMILY = "1,2";
				TEST_TARGET_NAME = GoJekContact;
			};
			name = Debug;
		};
		8C43FC43221F204600325E67 /* Release */ = {
			isa = XCBuildConfiguration;
			baseConfigurationReference = 041476E2586BE8ED23DB0389 /* Pods-GoJekContactUITests.release.xcconfig */;
			buildSettings = {
				ALWAYS_EMBED_SWIFT_STANDARD_LIBRARIES = YES;
				CODE_SIGN_STYLE = Automatic;
				DEVELOPMENT_TEAM = DWSYH823M3;
				INFOPLIST_FILE = GoJekContactUITests/Info.plist;
				LD_RUNPATH_SEARCH_PATHS = (
					"$(inherited)",
					"@executable_path/Frameworks",
					"@loader_path/Frameworks",
				);
				PRODUCT_BUNDLE_IDENTIFIER = com.kirusa.GoJekContactUITests;
				PRODUCT_NAME = "$(TARGET_NAME)";
				SWIFT_VERSION = 4.2;
				TARGETED_DEVICE_FAMILY = "1,2";
				TEST_TARGET_NAME = GoJekContact;
			};
			name = Release;
		};
/* End XCBuildConfiguration section */

/* Begin XCConfigurationList section */
		8C43FC0B221F204300325E67 /* Build configuration list for PBXProject "GoJekContact" */ = {
			isa = XCConfigurationList;
			buildConfigurations = (
				8C43FC39221F204600325E67 /* Debug */,
				8C43FC3A221F204600325E67 /* Release */,
			);
			defaultConfigurationIsVisible = 0;
			defaultConfigurationName = Release;
		};
		8C43FC3B221F204600325E67 /* Build configuration list for PBXNativeTarget "GoJekContact" */ = {
			isa = XCConfigurationList;
			buildConfigurations = (
				8C43FC3C221F204600325E67 /* Debug */,
				8C43FC3D221F204600325E67 /* Release */,
			);
			defaultConfigurationIsVisible = 0;
			defaultConfigurationName = Release;
		};
		8C43FC3E221F204600325E67 /* Build configuration list for PBXNativeTarget "GoJekContactTests" */ = {
			isa = XCConfigurationList;
			buildConfigurations = (
				8C43FC3F221F204600325E67 /* Debug */,
				8C43FC40221F204600325E67 /* Release */,
			);
			defaultConfigurationIsVisible = 0;
			defaultConfigurationName = Release;
		};
		8C43FC41221F204600325E67 /* Build configuration list for PBXNativeTarget "GoJekContactUITests" */ = {
			isa = XCConfigurationList;
			buildConfigurations = (
				8C43FC42221F204600325E67 /* Debug */,
				8C43FC43221F204600325E67 /* Release */,
			);
			defaultConfigurationIsVisible = 0;
			defaultConfigurationName = Release;
		};
/* End XCConfigurationList section */
	};
	rootObject = 8C43FC08221F204200325E67 /* Project object */;
}
